
Microsoft Visual Studio Solution File, Format Version 12.00
# Visual Studio 2015
Project("{FAE04EC0-301F-11D3-BF4B-00C04F79EFBC}") = "Bots.CSharp.Plugins", "Bots.CSharp.Plugins.csproj", "{BB93300B-B496-6FDF-A712-36B0CD21D181}"
EndProject
Project("{FAE04EC0-301F-11D3-BF4B-00C04F79EFBC}") = "Bots.CSharp", "Bots.CSharp.csproj", "{B1E3647F-3AB5-F0B1-0855-6D26CBD3004B}"
EndProject
Project("{FAE04EC0-301F-11D3-BF4B-00C04F79EFBC}") = "Bots.CSharp.Editor", "Bots.CSharp.Editor.csproj", "{33AEE8A2-9668-98F3-FB4D-5FCF55D782C6}"
EndProject
Global
	GlobalSection(SolutionConfigurationPlatforms) = preSolution
		Debug|Any CPU = Debug|Any CPU
		Release|Any CPU = Release|Any CPU
	EndGlobalSection
	GlobalSection(ProjectConfigurationPlatforms) = postSolution
		{BB93300B-B496-6FDF-A712-36B0CD21D181}.Debug|Any CPU.ActiveCfg = Debug|Any CPU
		{BB93300B-B496-6FDF-A712-36B0CD21D181}.Debug|Any CPU.Build.0 = Debug|Any CPU
		{BB93300B-B496-6FDF-A712-36B0CD21D181}.Release|Any CPU.ActiveCfg = Release|Any CPU
		{BB93300B-B496-6FDF-A712-36B0CD21D181}.Release|Any CPU.Build.0 = Release|Any CPU
		{B1E3647F-3AB5-F0B1-0855-6D26CBD3004B}.Debug|Any CPU.ActiveCfg = Debug|Any CPU
		{B1E3647F-3AB5-F0B1-0855-6D26CBD3004B}.Debug|Any CPU.Build.0 = Debug|Any CPU
		{B1E3647F-3AB5-F0B1-0855-6D26CBD3004B}.Release|Any CPU.ActiveCfg = Release|Any CPU
		{B1E3647F-3AB5-F0B1-0855-6D26CBD3004B}.Release|Any CPU.Build.0 = Release|Any CPU
		{33AEE8A2-9668-98F3-FB4D-5FCF55D782C6}.Debug|Any CPU.ActiveCfg = Debug|Any CPU
		{33AEE8A2-9668-98F3-FB4D-5FCF55D782C6}.Debug|Any CPU.Build.0 = Debug|Any CPU
		{33AEE8A2-9668-98F3-FB4D-5FCF55D782C6}.Release|Any CPU.ActiveCfg = Release|Any CPU
		{33AEE8A2-9668-98F3-FB4D-5FCF55D782C6}.Release|Any CPU.Build.0 = Release|Any CPU
	EndGlobalSection
	GlobalSection(SolutionProperties) = preSolution
		HideSolutionNode = FALSE
	EndGlobalSection
EndGlobal
